// !$*UTF8*$!
{
	archiveVersion = 1;
	classes = {
	};
	objectVersion = 46;
	objects = {

/* Begin PBXBuildFile section */
		05F3294A1C18F2A6008AB7EB /* RubricViewController.m in Sources */ = {isa = PBXBuildFile; fileRef = 05F328F81C18F2A6008AB7EB /* RubricViewController.m */; settings = {ASSET_TAGS = (); }; };
		05F3294B1C18F2A6008AB7EB /* RubricViewController.m in Sources */ = {isa = PBXBuildFile; fileRef = 05F328F81C18F2A6008AB7EB /* RubricViewController.m */; settings = {ASSET_TAGS = (); }; };
		05F3294C1C18F2A6008AB7EB /* RubricViewController.m in Sources */ = {isa = PBXBuildFile; fileRef = 05F328F81C18F2A6008AB7EB /* RubricViewController.m */; settings = {ASSET_TAGS = (); }; };
		05F3294D1C18F2A6008AB7EB /* AppDelegate.m in Sources */ = {isa = PBXBuildFile; fileRef = 05F328FA1C18F2A6008AB7EB /* AppDelegate.m */; settings = {ASSET_TAGS = (); }; };
		05F3294E1C18F2A6008AB7EB /* AppDelegate.m in Sources */ = {isa = PBXBuildFile; fileRef = 05F328FA1C18F2A6008AB7EB /* AppDelegate.m */; settings = {ASSET_TAGS = (); }; };
		05F3294F1C18F2A6008AB7EB /* AppDelegate.m in Sources */ = {isa = PBXBuildFile; fileRef = 05F328FA1C18F2A6008AB7EB /* AppDelegate.m */; settings = {ASSET_TAGS = (); }; };
		05F329501C18F2A6008AB7EB /* Main.storyboard in Resources */ = {isa = PBXBuildFile; fileRef = 05F328FC1C18F2A6008AB7EB /* Main.storyboard */; settings = {ASSET_TAGS = (); }; };
		05F329511C18F2A6008AB7EB /* Main.storyboard in Resources */ = {isa = PBXBuildFile; fileRef = 05F328FC1C18F2A6008AB7EB /* Main.storyboard */; settings = {ASSET_TAGS = (); }; };
		05F329521C18F2A6008AB7EB /* Main.storyboard in Resources */ = {isa = PBXBuildFile; fileRef = 05F328FC1C18F2A6008AB7EB /* Main.storyboard */; settings = {ASSET_TAGS = (); }; };
		05F329531C18F2A6008AB7EB /* OralRubricViewController.m in Sources */ = {isa = PBXBuildFile; fileRef = 05F328FE1C18F2A6008AB7EB /* OralRubricViewController.m */; settings = {ASSET_TAGS = (); }; };
		05F329541C18F2A6008AB7EB /* OralRubricViewController.m in Sources */ = {isa = PBXBuildFile; fileRef = 05F328FE1C18F2A6008AB7EB /* OralRubricViewController.m */; settings = {ASSET_TAGS = (); }; };
		05F329551C18F2A6008AB7EB /* OralRubricViewController.m in Sources */ = {isa = PBXBuildFile; fileRef = 05F328FE1C18F2A6008AB7EB /* OralRubricViewController.m */; settings = {ASSET_TAGS = (); }; };
		05F329561C18F2A6008AB7EB /* FacultyTableViewController.m in Sources */ = {isa = PBXBuildFile; fileRef = 05F329001C18F2A6008AB7EB /* FacultyTableViewController.m */; settings = {ASSET_TAGS = (); }; };
		05F329571C18F2A6008AB7EB /* FacultyTableViewController.m in Sources */ = {isa = PBXBuildFile; fileRef = 05F329001C18F2A6008AB7EB /* FacultyTableViewController.m */; settings = {ASSET_TAGS = (); }; };
		05F329581C18F2A6008AB7EB /* FacultyTableViewController.m in Sources */ = {isa = PBXBuildFile; fileRef = 05F329001C18F2A6008AB7EB /* FacultyTableViewController.m */; settings = {ASSET_TAGS = (); }; };
		05F329591C18F2A6008AB7EB /* Assets.xcassets in Resources */ = {isa = PBXBuildFile; fileRef = 05F329011C18F2A6008AB7EB /* Assets.xcassets */; settings = {ASSET_TAGS = (); }; };
		05F3295A1C18F2A6008AB7EB /* Assets.xcassets in Resources */ = {isa = PBXBuildFile; fileRef = 05F329011C18F2A6008AB7EB /* Assets.xcassets */; settings = {ASSET_TAGS = (); }; };
		05F3295B1C18F2A6008AB7EB /* Assets.xcassets in Resources */ = {isa = PBXBuildFile; fileRef = 05F329011C18F2A6008AB7EB /* Assets.xcassets */; settings = {ASSET_TAGS = (); }; };
		05F3295C1C18F2A6008AB7EB /* LaunchScreen.storyboard in Resources */ = {isa = PBXBuildFile; fileRef = 05F329031C18F2A6008AB7EB /* LaunchScreen.storyboard */; settings = {ASSET_TAGS = (); }; };
		05F3295D1C18F2A6008AB7EB /* LaunchScreen.storyboard in Resources */ = {isa = PBXBuildFile; fileRef = 05F329031C18F2A6008AB7EB /* LaunchScreen.storyboard */; settings = {ASSET_TAGS = (); }; };
		05F3295E1C18F2A6008AB7EB /* LaunchScreen.storyboard in Resources */ = {isa = PBXBuildFile; fileRef = 05F329031C18F2A6008AB7EB /* LaunchScreen.storyboard */; settings = {ASSET_TAGS = (); }; };
		05F3295F1C18F2A6008AB7EB /* Info.plist in Resources */ = {isa = PBXBuildFile; fileRef = 05F329041C18F2A6008AB7EB /* Info.plist */; settings = {ASSET_TAGS = (); }; };
		05F329601C18F2A6008AB7EB /* Info.plist in Resources */ = {isa = PBXBuildFile; fileRef = 05F329041C18F2A6008AB7EB /* Info.plist */; settings = {ASSET_TAGS = (); }; };
		05F329611C18F2A6008AB7EB /* Info.plist in Resources */ = {isa = PBXBuildFile; fileRef = 05F329041C18F2A6008AB7EB /* Info.plist */; settings = {ASSET_TAGS = (); }; };
		05F329621C18F2A6008AB7EB /* RubricGradingAppCD.xcdatamodeld in Resources */ = {isa = PBXBuildFile; fileRef = 05F329061C18F2A6008AB7EB /* RubricGradingAppCD.xcdatamodeld */; settings = {ASSET_TAGS = (); }; };
		05F329631C18F2A6008AB7EB /* RubricGradingAppCD.xcdatamodeld in Resources */ = {isa = PBXBuildFile; fileRef = 05F329061C18F2A6008AB7EB /* RubricGradingAppCD.xcdatamodeld */; settings = {ASSET_TAGS = (); }; };
		05F329641C18F2A6008AB7EB /* RubricGradingAppCD.xcdatamodeld in Resources */ = {isa = PBXBuildFile; fileRef = 05F329061C18F2A6008AB7EB /* RubricGradingAppCD.xcdatamodeld */; settings = {ASSET_TAGS = (); }; };
		05F329651C18F2A6008AB7EB /* main.m in Sources */ = {isa = PBXBuildFile; fileRef = 05F329071C18F2A6008AB7EB /* main.m */; settings = {ASSET_TAGS = (); }; };
		05F329661C18F2A6008AB7EB /* main.m in Sources */ = {isa = PBXBuildFile; fileRef = 05F329071C18F2A6008AB7EB /* main.m */; settings = {ASSET_TAGS = (); }; };
		05F329671C18F2A6008AB7EB /* main.m in Sources */ = {isa = PBXBuildFile; fileRef = 05F329071C18F2A6008AB7EB /* main.m */; settings = {ASSET_TAGS = (); }; };
		05F329681C18F2A6008AB7EB /* LoginViewController.m in Sources */ = {isa = PBXBuildFile; fileRef = 05F3290B1C18F2A6008AB7EB /* LoginViewController.m */; settings = {ASSET_TAGS = (); }; };
		05F329691C18F2A6008AB7EB /* LoginViewController.m in Sources */ = {isa = PBXBuildFile; fileRef = 05F3290B1C18F2A6008AB7EB /* LoginViewController.m */; settings = {ASSET_TAGS = (); }; };
		05F3296A1C18F2A6008AB7EB /* LoginViewController.m in Sources */ = {isa = PBXBuildFile; fileRef = 05F3290B1C18F2A6008AB7EB /* LoginViewController.m */; settings = {ASSET_TAGS = (); }; };
		05F3296B1C18F2A6008AB7EB /* AdminTableViewController.m in Sources */ = {isa = PBXBuildFile; fileRef = 05F3290D1C18F2A6008AB7EB /* AdminTableViewController.m */; settings = {ASSET_TAGS = (); }; };
		05F3296C1C18F2A6008AB7EB /* AdminTableViewController.m in Sources */ = {isa = PBXBuildFile; fileRef = 05F3290D1C18F2A6008AB7EB /* AdminTableViewController.m */; settings = {ASSET_TAGS = (); }; };
		05F3296D1C18F2A6008AB7EB /* AdminTableViewController.m in Sources */ = {isa = PBXBuildFile; fileRef = 05F3290D1C18F2A6008AB7EB /* AdminTableViewController.m */; settings = {ASSET_TAGS = (); }; };
		05F3296E1C18F2A6008AB7EB /* AddProjectViewController.m in Sources */ = {isa = PBXBuildFile; fileRef = 05F3290F1C18F2A6008AB7EB /* AddProjectViewController.m */; settings = {ASSET_TAGS = (); }; };
		05F3296F1C18F2A6008AB7EB /* AddProjectViewController.m in Sources */ = {isa = PBXBuildFile; fileRef = 05F3290F1C18F2A6008AB7EB /* AddProjectViewController.m */; settings = {ASSET_TAGS = (); }; };
		05F329701C18F2A6008AB7EB /* AddProjectViewController.m in Sources */ = {isa = PBXBuildFile; fileRef = 05F3290F1C18F2A6008AB7EB /* AddProjectViewController.m */; settings = {ASSET_TAGS = (); }; };
		05F329711C18F2A6008AB7EB /* StudentsListTableViewController.m in Sources */ = {isa = PBXBuildFile; fileRef = 05F329111C18F2A6008AB7EB /* StudentsListTableViewController.m */; settings = {ASSET_TAGS = (); }; };
		05F329721C18F2A6008AB7EB /* StudentsListTableViewController.m in Sources */ = {isa = PBXBuildFile; fileRef = 05F329111C18F2A6008AB7EB /* StudentsListTableViewController.m */; settings = {ASSET_TAGS = (); }; };
		05F329731C18F2A6008AB7EB /* StudentsListTableViewController.m in Sources */ = {isa = PBXBuildFile; fileRef = 05F329111C18F2A6008AB7EB /* StudentsListTableViewController.m */; settings = {ASSET_TAGS = (); }; };
		05F329741C18F2A6008AB7EB /* Person.m in Sources */ = {isa = PBXBuildFile; fileRef = 05F329131C18F2A6008AB7EB /* Person.m */; settings = {ASSET_TAGS = (); }; };
		05F329751C18F2A6008AB7EB /* Person.m in Sources */ = {isa = PBXBuildFile; fileRef = 05F329131C18F2A6008AB7EB /* Person.m */; settings = {ASSET_TAGS = (); }; };
		05F329761C18F2A6008AB7EB /* Person.m in Sources */ = {isa = PBXBuildFile; fileRef = 05F329131C18F2A6008AB7EB /* Person.m */; settings = {ASSET_TAGS = (); }; };
		05F329771C18F2A6008AB7EB /* Professor.m in Sources */ = {isa = PBXBuildFile; fileRef = 05F329151C18F2A6008AB7EB /* Professor.m */; settings = {ASSET_TAGS = (); }; };
		05F329781C18F2A6008AB7EB /* Professor.m in Sources */ = {isa = PBXBuildFile; fileRef = 05F329151C18F2A6008AB7EB /* Professor.m */; settings = {ASSET_TAGS = (); }; };
		05F329791C18F2A6008AB7EB /* Professor.m in Sources */ = {isa = PBXBuildFile; fileRef = 05F329151C18F2A6008AB7EB /* Professor.m */; settings = {ASSET_TAGS = (); }; };
		05F3297A1C18F2A6008AB7EB /* Admin.m in Sources */ = {isa = PBXBuildFile; fileRef = 05F329171C18F2A6008AB7EB /* Admin.m */; settings = {ASSET_TAGS = (); }; };
		05F3297B1C18F2A6008AB7EB /* Admin.m in Sources */ = {isa = PBXBuildFile; fileRef = 05F329171C18F2A6008AB7EB /* Admin.m */; settings = {ASSET_TAGS = (); }; };
		05F3297C1C18F2A6008AB7EB /* Admin.m in Sources */ = {isa = PBXBuildFile; fileRef = 05F329171C18F2A6008AB7EB /* Admin.m */; settings = {ASSET_TAGS = (); }; };
		05F3297D1C18F2A6008AB7EB /* Project.m in Sources */ = {isa = PBXBuildFile; fileRef = 05F329191C18F2A6008AB7EB /* Project.m */; settings = {ASSET_TAGS = (); }; };
		05F3297E1C18F2A6008AB7EB /* Project.m in Sources */ = {isa = PBXBuildFile; fileRef = 05F329191C18F2A6008AB7EB /* Project.m */; settings = {ASSET_TAGS = (); }; };
		05F3297F1C18F2A6008AB7EB /* Project.m in Sources */ = {isa = PBXBuildFile; fileRef = 05F329191C18F2A6008AB7EB /* Project.m */; settings = {ASSET_TAGS = (); }; };
		05F329801C18F2A6008AB7EB /* Student.m in Sources */ = {isa = PBXBuildFile; fileRef = 05F3291B1C18F2A6008AB7EB /* Student.m */; settings = {ASSET_TAGS = (); }; };
		05F329811C18F2A6008AB7EB /* Student.m in Sources */ = {isa = PBXBuildFile; fileRef = 05F3291B1C18F2A6008AB7EB /* Student.m */; settings = {ASSET_TAGS = (); }; };
		05F329821C18F2A6008AB7EB /* Student.m in Sources */ = {isa = PBXBuildFile; fileRef = 05F3291B1C18F2A6008AB7EB /* Student.m */; settings = {ASSET_TAGS = (); }; };
		05F329831C18F2A6008AB7EB /* AppDelegate.m in Sources */ = {isa = PBXBuildFile; fileRef = 05F3291E1C18F2A6008AB7EB /* AppDelegate.m */; settings = {ASSET_TAGS = (); }; };
		05F329841C18F2A6008AB7EB /* AppDelegate.m in Sources */ = {isa = PBXBuildFile; fileRef = 05F3291E1C18F2A6008AB7EB /* AppDelegate.m */; settings = {ASSET_TAGS = (); }; };
		05F329851C18F2A6008AB7EB /* AppDelegate.m in Sources */ = {isa = PBXBuildFile; fileRef = 05F3291E1C18F2A6008AB7EB /* AppDelegate.m */; settings = {ASSET_TAGS = (); }; };
		05F329861C18F2A6008AB7EB /* Main.storyboard in Resources */ = {isa = PBXBuildFile; fileRef = 05F329201C18F2A6008AB7EB /* Main.storyboard */; settings = {ASSET_TAGS = (); }; };
		05F329871C18F2A6008AB7EB /* Main.storyboard in Resources */ = {isa = PBXBuildFile; fileRef = 05F329201C18F2A6008AB7EB /* Main.storyboard */; settings = {ASSET_TAGS = (); }; };
		05F329881C18F2A6008AB7EB /* Main.storyboard in Resources */ = {isa = PBXBuildFile; fileRef = 05F329201C18F2A6008AB7EB /* Main.storyboard */; settings = {ASSET_TAGS = (); }; };
		05F329891C18F2A6008AB7EB /* OralRubricViewController.m in Sources */ = {isa = PBXBuildFile; fileRef = 05F329221C18F2A6008AB7EB /* OralRubricViewController.m */; settings = {ASSET_TAGS = (); }; };
		05F3298A1C18F2A6008AB7EB /* OralRubricViewController.m in Sources */ = {isa = PBXBuildFile; fileRef = 05F329221C18F2A6008AB7EB /* OralRubricViewController.m */; settings = {ASSET_TAGS = (); }; };
		05F3298B1C18F2A6008AB7EB /* OralRubricViewController.m in Sources */ = {isa = PBXBuildFile; fileRef = 05F329221C18F2A6008AB7EB /* OralRubricViewController.m */; settings = {ASSET_TAGS = (); }; };
		05F3298C1C18F2A6008AB7EB /* FacultyTableViewController.m in Sources */ = {isa = PBXBuildFile; fileRef = 05F329241C18F2A6008AB7EB /* FacultyTableViewController.m */; settings = {ASSET_TAGS = (); }; };
		05F3298D1C18F2A6008AB7EB /* FacultyTableViewController.m in Sources */ = {isa = PBXBuildFile; fileRef = 05F329241C18F2A6008AB7EB /* FacultyTableViewController.m */; settings = {ASSET_TAGS = (); }; };
		05F3298E1C18F2A6008AB7EB /* FacultyTableViewController.m in Sources */ = {isa = PBXBuildFile; fileRef = 05F329241C18F2A6008AB7EB /* FacultyTableViewController.m */; settings = {ASSET_TAGS = (); }; };
		05F3298F1C18F2A6008AB7EB /* Assets.xcassets in Resources */ = {isa = PBXBuildFile; fileRef = 05F329251C18F2A6008AB7EB /* Assets.xcassets */; settings = {ASSET_TAGS = (); }; };
		05F329901C18F2A6008AB7EB /* Assets.xcassets in Resources */ = {isa = PBXBuildFile; fileRef = 05F329251C18F2A6008AB7EB /* Assets.xcassets */; settings = {ASSET_TAGS = (); }; };
		05F329911C18F2A6008AB7EB /* Assets.xcassets in Resources */ = {isa = PBXBuildFile; fileRef = 05F329251C18F2A6008AB7EB /* Assets.xcassets */; settings = {ASSET_TAGS = (); }; };
		05F329921C18F2A6008AB7EB /* LaunchScreen.storyboard in Resources */ = {isa = PBXBuildFile; fileRef = 05F329271C18F2A6008AB7EB /* LaunchScreen.storyboard */; settings = {ASSET_TAGS = (); }; };
		05F329931C18F2A6008AB7EB /* LaunchScreen.storyboard in Resources */ = {isa = PBXBuildFile; fileRef = 05F329271C18F2A6008AB7EB /* LaunchScreen.storyboard */; settings = {ASSET_TAGS = (); }; };
		05F329941C18F2A6008AB7EB /* LaunchScreen.storyboard in Resources */ = {isa = PBXBuildFile; fileRef = 05F329271C18F2A6008AB7EB /* LaunchScreen.storyboard */; settings = {ASSET_TAGS = (); }; };
		05F329951C18F2A6008AB7EB /* Info.plist in Resources */ = {isa = PBXBuildFile; fileRef = 05F329281C18F2A6008AB7EB /* Info.plist */; settings = {ASSET_TAGS = (); }; };
		05F329961C18F2A6008AB7EB /* Info.plist in Resources */ = {isa = PBXBuildFile; fileRef = 05F329281C18F2A6008AB7EB /* Info.plist */; settings = {ASSET_TAGS = (); }; };
		05F329971C18F2A6008AB7EB /* Info.plist in Resources */ = {isa = PBXBuildFile; fileRef = 05F329281C18F2A6008AB7EB /* Info.plist */; settings = {ASSET_TAGS = (); }; };
		05F329981C18F2A6008AB7EB /* RubricGradingAppCD.xcdatamodeld in Resources */ = {isa = PBXBuildFile; fileRef = 05F3292A1C18F2A6008AB7EB /* RubricGradingAppCD.xcdatamodeld */; settings = {ASSET_TAGS = (); }; };
		05F329991C18F2A6008AB7EB /* RubricGradingAppCD.xcdatamodeld in Resources */ = {isa = PBXBuildFile; fileRef = 05F3292A1C18F2A6008AB7EB /* RubricGradingAppCD.xcdatamodeld */; settings = {ASSET_TAGS = (); }; };
		05F3299A1C18F2A6008AB7EB /* RubricGradingAppCD.xcdatamodeld in Resources */ = {isa = PBXBuildFile; fileRef = 05F3292A1C18F2A6008AB7EB /* RubricGradingAppCD.xcdatamodeld */; settings = {ASSET_TAGS = (); }; };
		05F3299B1C18F2A6008AB7EB /* main.m in Sources */ = {isa = PBXBuildFile; fileRef = 05F3292B1C18F2A6008AB7EB /* main.m */; settings = {ASSET_TAGS = (); }; };
		05F3299C1C18F2A6008AB7EB /* main.m in Sources */ = {isa = PBXBuildFile; fileRef = 05F3292B1C18F2A6008AB7EB /* main.m */; settings = {ASSET_TAGS = (); }; };
		05F3299D1C18F2A6008AB7EB /* main.m in Sources */ = {isa = PBXBuildFile; fileRef = 05F3292B1C18F2A6008AB7EB /* main.m */; settings = {ASSET_TAGS = (); }; };
		05F3299E1C18F2A6008AB7EB /* LoginViewController.m in Sources */ = {isa = PBXBuildFile; fileRef = 05F3292F1C18F2A6008AB7EB /* LoginViewController.m */; settings = {ASSET_TAGS = (); }; };
		05F3299F1C18F2A6008AB7EB /* LoginViewController.m in Sources */ = {isa = PBXBuildFile; fileRef = 05F3292F1C18F2A6008AB7EB /* LoginViewController.m */; settings = {ASSET_TAGS = (); }; };
		05F329A01C18F2A6008AB7EB /* LoginViewController.m in Sources */ = {isa = PBXBuildFile; fileRef = 05F3292F1C18F2A6008AB7EB /* LoginViewController.m */; settings = {ASSET_TAGS = (); }; };
		05F329A11C18F2A6008AB7EB /* AdminTableViewController.m in Sources */ = {isa = PBXBuildFile; fileRef = 05F329311C18F2A6008AB7EB /* AdminTableViewController.m */; settings = {ASSET_TAGS = (); }; };
		05F329A21C18F2A6008AB7EB /* AdminTableViewController.m in Sources */ = {isa = PBXBuildFile; fileRef = 05F329311C18F2A6008AB7EB /* AdminTableViewController.m */; settings = {ASSET_TAGS = (); }; };
		05F329A31C18F2A6008AB7EB /* AdminTableViewController.m in Sources */ = {isa = PBXBuildFile; fileRef = 05F329311C18F2A6008AB7EB /* AdminTableViewController.m */; settings = {ASSET_TAGS = (); }; };
		05F329A41C18F2A6008AB7EB /* AddProjectViewController.m in Sources */ = {isa = PBXBuildFile; fileRef = 05F329331C18F2A6008AB7EB /* AddProjectViewController.m */; settings = {ASSET_TAGS = (); }; };
		05F329A51C18F2A6008AB7EB /* AddProjectViewController.m in Sources */ = {isa = PBXBuildFile; fileRef = 05F329331C18F2A6008AB7EB /* AddProjectViewController.m */; settings = {ASSET_TAGS = (); }; };
		05F329A61C18F2A6008AB7EB /* AddProjectViewController.m in Sources */ = {isa = PBXBuildFile; fileRef = 05F329331C18F2A6008AB7EB /* AddProjectViewController.m */; settings = {ASSET_TAGS = (); }; };
		05F329A71C18F2A6008AB7EB /* StudentsListTableViewController.m in Sources */ = {isa = PBXBuildFile; fileRef = 05F329351C18F2A6008AB7EB /* StudentsListTableViewController.m */; settings = {ASSET_TAGS = (); }; };
		05F329A81C18F2A6008AB7EB /* StudentsListTableViewController.m in Sources */ = {isa = PBXBuildFile; fileRef = 05F329351C18F2A6008AB7EB /* StudentsListTableViewController.m */; settings = {ASSET_TAGS = (); }; };
		05F329A91C18F2A6008AB7EB /* StudentsListTableViewController.m in Sources */ = {isa = PBXBuildFile; fileRef = 05F329351C18F2A6008AB7EB /* StudentsListTableViewController.m */; settings = {ASSET_TAGS = (); }; };
		05F329AA1C18F2A6008AB7EB /* Person.m in Sources */ = {isa = PBXBuildFile; fileRef = 05F329371C18F2A6008AB7EB /* Person.m */; settings = {ASSET_TAGS = (); }; };
		05F329AB1C18F2A6008AB7EB /* Person.m in Sources */ = {isa = PBXBuildFile; fileRef = 05F329371C18F2A6008AB7EB /* Person.m */; settings = {ASSET_TAGS = (); }; };
		05F329AC1C18F2A6008AB7EB /* Person.m in Sources */ = {isa = PBXBuildFile; fileRef = 05F329371C18F2A6008AB7EB /* Person.m */; settings = {ASSET_TAGS = (); }; };
		05F329AD1C18F2A6008AB7EB /* Professor.m in Sources */ = {isa = PBXBuildFile; fileRef = 05F329391C18F2A6008AB7EB /* Professor.m */; settings = {ASSET_TAGS = (); }; };
		05F329AE1C18F2A6008AB7EB /* Professor.m in Sources */ = {isa = PBXBuildFile; fileRef = 05F329391C18F2A6008AB7EB /* Professor.m */; settings = {ASSET_TAGS = (); }; };
		05F329AF1C18F2A6008AB7EB /* Professor.m in Sources */ = {isa = PBXBuildFile; fileRef = 05F329391C18F2A6008AB7EB /* Professor.m */; settings = {ASSET_TAGS = (); }; };
		05F329B01C18F2A6008AB7EB /* Admin.m in Sources */ = {isa = PBXBuildFile; fileRef = 05F3293B1C18F2A6008AB7EB /* Admin.m */; settings = {ASSET_TAGS = (); }; };
		05F329B11C18F2A6008AB7EB /* Admin.m in Sources */ = {isa = PBXBuildFile; fileRef = 05F3293B1C18F2A6008AB7EB /* Admin.m */; settings = {ASSET_TAGS = (); }; };
		05F329B21C18F2A6008AB7EB /* Admin.m in Sources */ = {isa = PBXBuildFile; fileRef = 05F3293B1C18F2A6008AB7EB /* Admin.m */; settings = {ASSET_TAGS = (); }; };
		05F329B31C18F2A6008AB7EB /* Project.m in Sources */ = {isa = PBXBuildFile; fileRef = 05F3293D1C18F2A6008AB7EB /* Project.m */; settings = {ASSET_TAGS = (); }; };
		05F329B41C18F2A6008AB7EB /* Project.m in Sources */ = {isa = PBXBuildFile; fileRef = 05F3293D1C18F2A6008AB7EB /* Project.m */; settings = {ASSET_TAGS = (); }; };
		05F329B51C18F2A6008AB7EB /* Project.m in Sources */ = {isa = PBXBuildFile; fileRef = 05F3293D1C18F2A6008AB7EB /* Project.m */; settings = {ASSET_TAGS = (); }; };
		05F329B61C18F2A6008AB7EB /* Student.m in Sources */ = {isa = PBXBuildFile; fileRef = 05F3293F1C18F2A6008AB7EB /* Student.m */; settings = {ASSET_TAGS = (); }; };
		05F329B71C18F2A6008AB7EB /* Student.m in Sources */ = {isa = PBXBuildFile; fileRef = 05F3293F1C18F2A6008AB7EB /* Student.m */; settings = {ASSET_TAGS = (); }; };
		05F329B81C18F2A6008AB7EB /* Student.m in Sources */ = {isa = PBXBuildFile; fileRef = 05F3293F1C18F2A6008AB7EB /* Student.m */; settings = {ASSET_TAGS = (); }; };
		05F329B91C18F2A6008AB7EB /* RubricGradingAppCDTests.m in Sources */ = {isa = PBXBuildFile; fileRef = 05F329401C18F2A6008AB7EB /* RubricGradingAppCDTests.m */; settings = {ASSET_TAGS = (); }; };
		05F329BA1C18F2A6008AB7EB /* RubricGradingAppCDTests.m in Sources */ = {isa = PBXBuildFile; fileRef = 05F329401C18F2A6008AB7EB /* RubricGradingAppCDTests.m */; settings = {ASSET_TAGS = (); }; };
		05F329BB1C18F2A6008AB7EB /* RubricGradingAppCDTests.m in Sources */ = {isa = PBXBuildFile; fileRef = 05F329401C18F2A6008AB7EB /* RubricGradingAppCDTests.m */; settings = {ASSET_TAGS = (); }; };
		05F329BC1C18F2A6008AB7EB /* Info.plist in Resources */ = {isa = PBXBuildFile; fileRef = 05F329411C18F2A6008AB7EB /* Info.plist */; settings = {ASSET_TAGS = (); }; };
		05F329BD1C18F2A6008AB7EB /* Info.plist in Resources */ = {isa = PBXBuildFile; fileRef = 05F329411C18F2A6008AB7EB /* Info.plist */; settings = {ASSET_TAGS = (); }; };
		05F329BE1C18F2A6008AB7EB /* Info.plist in Resources */ = {isa = PBXBuildFile; fileRef = 05F329411C18F2A6008AB7EB /* Info.plist */; settings = {ASSET_TAGS = (); }; };
		05F329BF1C18F2A6008AB7EB /* RubricGradingAppCDUITests.m in Sources */ = {isa = PBXBuildFile; fileRef = 05F329431C18F2A6008AB7EB /* RubricGradingAppCDUITests.m */; settings = {ASSET_TAGS = (); }; };
		05F329C01C18F2A6008AB7EB /* RubricGradingAppCDUITests.m in Sources */ = {isa = PBXBuildFile; fileRef = 05F329431C18F2A6008AB7EB /* RubricGradingAppCDUITests.m */; settings = {ASSET_TAGS = (); }; };
		05F329C11C18F2A6008AB7EB /* RubricGradingAppCDUITests.m in Sources */ = {isa = PBXBuildFile; fileRef = 05F329431C18F2A6008AB7EB /* RubricGradingAppCDUITests.m */; settings = {ASSET_TAGS = (); }; };
		05F329C21C18F2A6008AB7EB /* Info.plist in Resources */ = {isa = PBXBuildFile; fileRef = 05F329441C18F2A6008AB7EB /* Info.plist */; settings = {ASSET_TAGS = (); }; };
		05F329C31C18F2A6008AB7EB /* Info.plist in Resources */ = {isa = PBXBuildFile; fileRef = 05F329441C18F2A6008AB7EB /* Info.plist */; settings = {ASSET_TAGS = (); }; };
		05F329C41C18F2A6008AB7EB /* Info.plist in Resources */ = {isa = PBXBuildFile; fileRef = 05F329441C18F2A6008AB7EB /* Info.plist */; settings = {ASSET_TAGS = (); }; };
		05F329C51C18F2A6008AB7EB /* RubricGradingAppCD.app in Resources */ = {isa = PBXBuildFile; fileRef = 05F329461C18F2A6008AB7EB /* RubricGradingAppCD.app */; settings = {ASSET_TAGS = (); }; };
		05F329C61C18F2A6008AB7EB /* RubricGradingAppCD.app in Resources */ = {isa = PBXBuildFile; fileRef = 05F329461C18F2A6008AB7EB /* RubricGradingAppCD.app */; settings = {ASSET_TAGS = (); }; };
		05F329C71C18F2A6008AB7EB /* RubricGradingAppCD.app in Resources */ = {isa = PBXBuildFile; fileRef = 05F329461C18F2A6008AB7EB /* RubricGradingAppCD.app */; settings = {ASSET_TAGS = (); }; };
		05F329C81C18F2A6008AB7EB /* RubricGradingAppCDTests.xctest in Resources */ = {isa = PBXBuildFile; fileRef = 05F329471C18F2A6008AB7EB /* RubricGradingAppCDTests.xctest */; settings = {ASSET_TAGS = (); }; };
		05F329C91C18F2A6008AB7EB /* RubricGradingAppCDTests.xctest in Resources */ = {isa = PBXBuildFile; fileRef = 05F329471C18F2A6008AB7EB /* RubricGradingAppCDTests.xctest */; settings = {ASSET_TAGS = (); }; };
		05F329CA1C18F2A6008AB7EB /* RubricGradingAppCDTests.xctest in Resources */ = {isa = PBXBuildFile; fileRef = 05F329471C18F2A6008AB7EB /* RubricGradingAppCDTests.xctest */; settings = {ASSET_TAGS = (); }; };
		05F329CB1C18F2A6008AB7EB /* RubricGradingAppCDUITests.xctest in Resources */ = {isa = PBXBuildFile; fileRef = 05F329481C18F2A6008AB7EB /* RubricGradingAppCDUITests.xctest */; settings = {ASSET_TAGS = (); }; };
		05F329CC1C18F2A6008AB7EB /* RubricGradingAppCDUITests.xctest in Resources */ = {isa = PBXBuildFile; fileRef = 05F329481C18F2A6008AB7EB /* RubricGradingAppCDUITests.xctest */; settings = {ASSET_TAGS = (); }; };
		05F329CD1C18F2A6008AB7EB /* RubricGradingAppCDUITests.xctest in Resources */ = {isa = PBXBuildFile; fileRef = 05F329481C18F2A6008AB7EB /* RubricGradingAppCDUITests.xctest */; settings = {ASSET_TAGS = (); }; };
/* End PBXBuildFile section */

/* Begin PBXContainerItemProxy section */
		05F329D11C18F2A6008AB7EB /* PBXContainerItemProxy */ = {
			isa = PBXContainerItemProxy;
			containerPortal = 05F328F41C18F2A6008AB7EB /* RubricGradingAppCD.xcodeproj */;
			proxyType = 2;
			remoteGlobalIDString = A853FDDC1C01CE79005ABB49;
			remoteInfo = RubricGradingAppCD;
		};
		05F329D31C18F2A6008AB7EB /* PBXContainerItemProxy */ = {
			isa = PBXContainerItemProxy;
			containerPortal = 05F328F41C18F2A6008AB7EB /* RubricGradingAppCD.xcodeproj */;
			proxyType = 2;
			remoteGlobalIDString = A853FDF81C01CE79005ABB49;
			remoteInfo = RubricGradingAppCDTests;
		};
		05F329D51C18F2A6008AB7EB /* PBXContainerItemProxy */ = {
			isa = PBXContainerItemProxy;
			containerPortal = 05F328F41C18F2A6008AB7EB /* RubricGradingAppCD.xcodeproj */;
			proxyType = 2;
			remoteGlobalIDString = A853FE031C01CE79005ABB49;
			remoteInfo = RubricGradingAppCDUITests;
		};
		A853FDF91C01CE79005ABB49 /* PBXContainerItemProxy */ = {
			isa = PBXContainerItemProxy;
			containerPortal = A853FDD41C01CE79005ABB49 /* Project object */;
			proxyType = 1;
			remoteGlobalIDString = A853FDDB1C01CE79005ABB49;
			remoteInfo = RubricGradingAppCD;
		};
		A853FE041C01CE79005ABB49 /* PBXContainerItemProxy */ = {
			isa = PBXContainerItemProxy;
			containerPortal = A853FDD41C01CE79005ABB49 /* Project object */;
			proxyType = 1;
			remoteGlobalIDString = A853FDDB1C01CE79005ABB49;
			remoteInfo = RubricGradingAppCD;
		};
/* End PBXContainerItemProxy section */

/* Begin PBXFileReference section */
		05F328F41C18F2A6008AB7EB /* RubricGradingAppCD.xcodeproj */ = {isa = PBXFileReference; lastKnownFileType = "wrapper.pb-project"; name = RubricGradingAppCD.xcodeproj; path = "/Users/gharat001/Desktop/RubricGradinApp-CoreData-MH-Grading-branch/RubricGradingAppCD.xcodeproj"; sourceTree = "<absolute>"; };
		05F328F71C18F2A6008AB7EB /* RubricViewController.h */ = {isa = PBXFileReference; fileEncoding = 4; lastKnownFileType = sourcecode.c.h; name = RubricViewController.h; path = "../../Desktop/RubricGradinApp-CoreData-MH-Grading-branch/RubricGradingAppCD/RubricViewController.h"; sourceTree = "<group>"; };
		05F328F81C18F2A6008AB7EB /* RubricViewController.m */ = {isa = PBXFileReference; fileEncoding = 4; lastKnownFileType = sourcecode.c.objc; name = RubricViewController.m; path = "../../Desktop/RubricGradinApp-CoreData-MH-Grading-branch/RubricGradingAppCD/RubricViewController.m"; sourceTree = "<group>"; };
		05F328F91C18F2A6008AB7EB /* AppDelegate.h */ = {isa = PBXFileReference; fileEncoding = 4; lastKnownFileType = sourcecode.c.h; path = AppDelegate.h; sourceTree = "<group>"; };
		05F328FA1C18F2A6008AB7EB /* AppDelegate.m */ = {isa = PBXFileReference; fileEncoding = 4; lastKnownFileType = sourcecode.c.objc; path = AppDelegate.m; sourceTree = "<group>"; };
		05F328FB1C18F2A6008AB7EB /* Base */ = {isa = PBXFileReference; lastKnownFileType = file.storyboard; name = Base; path = Base.lproj/Main.storyboard; sourceTree = "<group>"; };
		05F328FD1C18F2A6008AB7EB /* OralRubricViewController.h */ = {isa = PBXFileReference; fileEncoding = 4; lastKnownFileType = sourcecode.c.h; path = OralRubricViewController.h; sourceTree = "<group>"; };
		05F328FE1C18F2A6008AB7EB /* OralRubricViewController.m */ = {isa = PBXFileReference; fileEncoding = 4; lastKnownFileType = sourcecode.c.objc; path = OralRubricViewController.m; sourceTree = "<group>"; };
		05F328FF1C18F2A6008AB7EB /* FacultyTableViewController.h */ = {isa = PBXFileReference; fileEncoding = 4; lastKnownFileType = sourcecode.c.h; path = FacultyTableViewController.h; sourceTree = "<group>"; };
		05F329001C18F2A6008AB7EB /* FacultyTableViewController.m */ = {isa = PBXFileReference; fileEncoding = 4; lastKnownFileType = sourcecode.c.objc; path = FacultyTableViewController.m; sourceTree = "<group>"; };
		05F329011C18F2A6008AB7EB /* Assets.xcassets */ = {isa = PBXFileReference; lastKnownFileType = folder.assetcatalog; path = Assets.xcassets; sourceTree = "<group>"; };
		05F329021C18F2A6008AB7EB /* Base */ = {isa = PBXFileReference; lastKnownFileType = file.storyboard; name = Base; path = Base.lproj/LaunchScreen.storyboard; sourceTree = "<group>"; };
		05F329041C18F2A6008AB7EB /* Info.plist */ = {isa = PBXFileReference; fileEncoding = 4; lastKnownFileType = text.plist.xml; path = Info.plist; sourceTree = "<group>"; };
		05F329051C18F2A6008AB7EB /* RubricGradingAppCD.xcdatamodel */ = {isa = PBXFileReference; lastKnownFileType = wrapper.xcdatamodel; path = RubricGradingAppCD.xcdatamodel; sourceTree = "<group>"; };
		05F329071C18F2A6008AB7EB /* main.m */ = {isa = PBXFileReference; fileEncoding = 4; lastKnownFileType = sourcecode.c.objc; path = main.m; sourceTree = "<group>"; };
		05F329081C18F2A6008AB7EB /* RubricGradingAppCD-Prefix.pch */ = {isa = PBXFileReference; fileEncoding = 4; lastKnownFileType = sourcecode.c.h; path = "RubricGradingAppCD-Prefix.pch"; sourceTree = "<group>"; };
		05F3290A1C18F2A6008AB7EB /* LoginViewController.h */ = {isa = PBXFileReference; fileEncoding = 4; lastKnownFileType = sourcecode.c.h; path = LoginViewController.h; sourceTree = "<group>"; };
		05F3290B1C18F2A6008AB7EB /* LoginViewController.m */ = {isa = PBXFileReference; fileEncoding = 4; lastKnownFileType = sourcecode.c.objc; path = LoginViewController.m; sourceTree = "<group>"; };
		05F3290C1C18F2A6008AB7EB /* AdminTableViewController.h */ = {isa = PBXFileReference; fileEncoding = 4; lastKnownFileType = sourcecode.c.h; path = AdminTableViewController.h; sourceTree = "<group>"; };
		05F3290D1C18F2A6008AB7EB /* AdminTableViewController.m */ = {isa = PBXFileReference; fileEncoding = 4; lastKnownFileType = sourcecode.c.objc; path = AdminTableViewController.m; sourceTree = "<group>"; };
		05F3290E1C18F2A6008AB7EB /* AddProjectViewController.h */ = {isa = PBXFileReference; fileEncoding = 4; lastKnownFileType = sourcecode.c.h; path = AddProjectViewController.h; sourceTree = "<group>"; };
		05F3290F1C18F2A6008AB7EB /* AddProjectViewController.m */ = {isa = PBXFileReference; fileEncoding = 4; lastKnownFileType = sourcecode.c.objc; path = AddProjectViewController.m; sourceTree = "<group>"; };
		05F329101C18F2A6008AB7EB /* StudentsListTableViewController.h */ = {isa = PBXFileReference; fileEncoding = 4; lastKnownFileType = sourcecode.c.h; path = StudentsListTableViewController.h; sourceTree = "<group>"; };
		05F329111C18F2A6008AB7EB /* StudentsListTableViewController.m */ = {isa = PBXFileReference; fileEncoding = 4; lastKnownFileType = sourcecode.c.objc; path = StudentsListTableViewController.m; sourceTree = "<group>"; };
		05F329121C18F2A6008AB7EB /* Person.h */ = {isa = PBXFileReference; fileEncoding = 4; lastKnownFileType = sourcecode.c.h; name = Person.h; path = Classes/Person.h; sourceTree = "<group>"; };
		05F329131C18F2A6008AB7EB /* Person.m */ = {isa = PBXFileReference; fileEncoding = 4; lastKnownFileType = sourcecode.c.objc; name = Person.m; path = Classes/Person.m; sourceTree = "<group>"; };
		05F329141C18F2A6008AB7EB /* Professor.h */ = {isa = PBXFileReference; fileEncoding = 4; lastKnownFileType = sourcecode.c.h; path = Professor.h; sourceTree = "<group>"; };
		05F329151C18F2A6008AB7EB /* Professor.m */ = {isa = PBXFileReference; fileEncoding = 4; lastKnownFileType = sourcecode.c.objc; path = Professor.m; sourceTree = "<group>"; };
		05F329161C18F2A6008AB7EB /* Admin.h */ = {isa = PBXFileReference; fileEncoding = 4; lastKnownFileType = sourcecode.c.h; name = Admin.h; path = Classes/Admin.h; sourceTree = "<group>"; };
		05F329171C18F2A6008AB7EB /* Admin.m */ = {isa = PBXFileReference; fileEncoding = 4; lastKnownFileType = sourcecode.c.objc; name = Admin.m; path = Classes/Admin.m; sourceTree = "<group>"; };
		05F329181C18F2A6008AB7EB /* Project.h */ = {isa = PBXFileReference; fileEncoding = 4; lastKnownFileType = sourcecode.c.h; path = Project.h; sourceTree = "<group>"; };
		05F329191C18F2A6008AB7EB /* Project.m */ = {isa = PBXFileReference; fileEncoding = 4; lastKnownFileType = sourcecode.c.objc; path = Project.m; sourceTree = "<group>"; };
		05F3291A1C18F2A6008AB7EB /* Student.h */ = {isa = PBXFileReference; fileEncoding = 4; lastKnownFileType = sourcecode.c.h; path = Student.h; sourceTree = "<group>"; };
		05F3291B1C18F2A6008AB7EB /* Student.m */ = {isa = PBXFileReference; fileEncoding = 4; lastKnownFileType = sourcecode.c.objc; path = Student.m; sourceTree = "<group>"; };
		05F3291D1C18F2A6008AB7EB /* AppDelegate.h */ = {isa = PBXFileReference; fileEncoding = 4; lastKnownFileType = sourcecode.c.h; name = AppDelegate.h; path = "../../Desktop/RubricGradinApp-CoreData-MH-Grading-branch/RubricGradingAppCD/AppDelegate.h"; sourceTree = "<group>"; };
		05F3291E1C18F2A6008AB7EB /* AppDelegate.m */ = {isa = PBXFileReference; fileEncoding = 4; lastKnownFileType = sourcecode.c.objc; name = AppDelegate.m; path = "../../Desktop/RubricGradinApp-CoreData-MH-Grading-branch/RubricGradingAppCD/AppDelegate.m"; sourceTree = "<group>"; };
		05F3291F1C18F2A6008AB7EB /* Base */ = {isa = PBXFileReference; lastKnownFileType = file.storyboard; name = Base; path = Base.lproj/Main.storyboard; sourceTree = "<group>"; };
		05F329211C18F2A6008AB7EB /* OralRubricViewController.h */ = {isa = PBXFileReference; fileEncoding = 4; lastKnownFileType = sourcecode.c.h; name = OralRubricViewController.h; path = "../../Desktop/RubricGradinApp-CoreData-MH-Grading-branch/RubricGradingAppCD/OralRubricViewController.h"; sourceTree = "<group>"; };
		05F329221C18F2A6008AB7EB /* OralRubricViewController.m */ = {isa = PBXFileReference; fileEncoding = 4; lastKnownFileType = sourcecode.c.objc; name = OralRubricViewController.m; path = "../../Desktop/RubricGradinApp-CoreData-MH-Grading-branch/RubricGradingAppCD/OralRubricViewController.m"; sourceTree = "<group>"; };
		05F329231C18F2A6008AB7EB /* FacultyTableViewController.h */ = {isa = PBXFileReference; fileEncoding = 4; lastKnownFileType = sourcecode.c.h; name = FacultyTableViewController.h; path = "../../Desktop/RubricGradinApp-CoreData-MH-Grading-branch/RubricGradingAppCD/FacultyTableViewController.h"; sourceTree = "<group>"; };
		05F329241C18F2A6008AB7EB /* FacultyTableViewController.m */ = {isa = PBXFileReference; fileEncoding = 4; lastKnownFileType = sourcecode.c.objc; name = FacultyTableViewController.m; path = "../../Desktop/RubricGradinApp-CoreData-MH-Grading-branch/RubricGradingAppCD/FacultyTableViewController.m"; sourceTree = "<group>"; };
		05F329251C18F2A6008AB7EB /* Assets.xcassets */ = {isa = PBXFileReference; lastKnownFileType = folder.assetcatalog; name = Assets.xcassets; path = "../../Desktop/RubricGradinApp-CoreData-MH-Grading-branch/RubricGradingAppCD/Assets.xcassets"; sourceTree = "<group>"; };
		05F329261C18F2A6008AB7EB /* Base */ = {isa = PBXFileReference; lastKnownFileType = file.storyboard; name = Base; path = Base.lproj/LaunchScreen.storyboard; sourceTree = "<group>"; };
		05F329281C18F2A6008AB7EB /* Info.plist */ = {isa = PBXFileReference; fileEncoding = 4; lastKnownFileType = text.plist.xml; name = Info.plist; path = "../../Desktop/RubricGradinApp-CoreData-MH-Grading-branch/RubricGradingAppCD/Info.plist"; sourceTree = "<group>"; };
		05F329291C18F2A6008AB7EB /* RubricGradingAppCD.xcdatamodel */ = {isa = PBXFileReference; lastKnownFileType = wrapper.xcdatamodel; path = RubricGradingAppCD.xcdatamodel; sourceTree = "<group>"; };
		05F3292B1C18F2A6008AB7EB /* main.m */ = {isa = PBXFileReference; fileEncoding = 4; lastKnownFileType = sourcecode.c.objc; path = main.m; sourceTree = "<group>"; };
		05F3292C1C18F2A6008AB7EB /* RubricGradingAppCD-Prefix.pch */ = {isa = PBXFileReference; fileEncoding = 4; lastKnownFileType = sourcecode.c.h; path = "RubricGradingAppCD-Prefix.pch"; sourceTree = "<group>"; };
		05F3292E1C18F2A6008AB7EB /* LoginViewController.h */ = {isa = PBXFileReference; fileEncoding = 4; lastKnownFileType = sourcecode.c.h; name = LoginViewController.h; path = "../../Desktop/RubricGradinApp-CoreData-MH-Grading-branch/RubricGradingAppCD/LoginViewController.h"; sourceTree = "<group>"; };
		05F3292F1C18F2A6008AB7EB /* LoginViewController.m */ = {isa = PBXFileReference; fileEncoding = 4; lastKnownFileType = sourcecode.c.objc; name = LoginViewController.m; path = "../../Desktop/RubricGradinApp-CoreData-MH-Grading-branch/RubricGradingAppCD/LoginViewController.m"; sourceTree = "<group>"; };
		05F329301C18F2A6008AB7EB /* AdminTableViewController.h */ = {isa = PBXFileReference; fileEncoding = 4; lastKnownFileType = sourcecode.c.h; name = AdminTableViewController.h; path = "../../Desktop/RubricGradinApp-CoreData-MH-Grading-branch/RubricGradingAppCD/AdminTableViewController.h"; sourceTree = "<group>"; };
		05F329311C18F2A6008AB7EB /* AdminTableViewController.m */ = {isa = PBXFileReference; fileEncoding = 4; lastKnownFileType = sourcecode.c.objc; name = AdminTableViewController.m; path = "../../Desktop/RubricGradinApp-CoreData-MH-Grading-branch/RubricGradingAppCD/AdminTableViewController.m"; sourceTree = "<group>"; };
		05F329321C18F2A6008AB7EB /* AddProjectViewController.h */ = {isa = PBXFileReference; fileEncoding = 4; lastKnownFileType = sourcecode.c.h; name = AddProjectViewController.h; path = "../../Desktop/RubricGradinApp-CoreData-MH-Grading-branch/RubricGradingAppCD/AddProjectViewController.h"; sourceTree = "<group>"; };
		05F329331C18F2A6008AB7EB /* AddProjectViewController.m */ = {isa = PBXFileReference; fileEncoding = 4; lastKnownFileType = sourcecode.c.objc; name = AddProjectViewController.m; path = "../../Desktop/RubricGradinApp-CoreData-MH-Grading-branch/RubricGradingAppCD/AddProjectViewController.m"; sourceTree = "<group>"; };
		05F329341C18F2A6008AB7EB /* StudentsListTableViewController.h */ = {isa = PBXFileReference; fileEncoding = 4; lastKnownFileType = sourcecode.c.h; name = StudentsListTableViewController.h; path = "../../Desktop/RubricGradinApp-CoreData-MH-Grading-branch/RubricGradingAppCD/StudentsListTableViewController.h"; sourceTree = "<group>"; };
		05F329351C18F2A6008AB7EB /* StudentsListTableViewController.m */ = {isa = PBXFileReference; fileEncoding = 4; lastKnownFileType = sourcecode.c.objc; name = StudentsListTableViewController.m; path = "../../Desktop/RubricGradinApp-CoreData-MH-Grading-branch/RubricGradingAppCD/StudentsListTableViewController.m"; sourceTree = "<group>"; };
		05F329361C18F2A6008AB7EB /* Person.h */ = {isa = PBXFileReference; fileEncoding = 4; lastKnownFileType = sourcecode.c.h; name = Person.h; path = "../../Desktop/RubricGradinApp-CoreData-MH-Grading-branch/RubricGradingAppCD/Classes/Person.h"; sourceTree = "<group>"; };
		05F329371C18F2A6008AB7EB /* Person.m */ = {isa = PBXFileReference; fileEncoding = 4; lastKnownFileType = sourcecode.c.objc; name = Person.m; path = "../../Desktop/RubricGradinApp-CoreData-MH-Grading-branch/RubricGradingAppCD/Classes/Person.m"; sourceTree = "<group>"; };
		05F329381C18F2A6008AB7EB /* Professor.h */ = {isa = PBXFileReference; fileEncoding = 4; lastKnownFileType = sourcecode.c.h; name = Professor.h; path = "../../Desktop/RubricGradinApp-CoreData-MH-Grading-branch/RubricGradingAppCD/Professor.h"; sourceTree = "<group>"; };
		05F329391C18F2A6008AB7EB /* Professor.m */ = {isa = PBXFileReference; fileEncoding = 4; lastKnownFileType = sourcecode.c.objc; name = Professor.m; path = "../../Desktop/RubricGradinApp-CoreData-MH-Grading-branch/RubricGradingAppCD/Professor.m"; sourceTree = "<group>"; };
		05F3293A1C18F2A6008AB7EB /* Admin.h */ = {isa = PBXFileReference; fileEncoding = 4; lastKnownFileType = sourcecode.c.h; name = Admin.h; path = "../../Desktop/RubricGradinApp-CoreData-MH-Grading-branch/RubricGradingAppCD/Classes/Admin.h"; sourceTree = "<group>"; };
		05F3293B1C18F2A6008AB7EB /* Admin.m */ = {isa = PBXFileReference; fileEncoding = 4; lastKnownFileType = sourcecode.c.objc; name = Admin.m; path = "../../Desktop/RubricGradinApp-CoreData-MH-Grading-branch/RubricGradingAppCD/Classes/Admin.m"; sourceTree = "<group>"; };
		05F3293C1C18F2A6008AB7EB /* Project.h */ = {isa = PBXFileReference; fileEncoding = 4; lastKnownFileType = sourcecode.c.h; name = Project.h; path = "../../Desktop/RubricGradinApp-CoreData-MH-Grading-branch/RubricGradingAppCD/Project.h"; sourceTree = "<group>"; };
		05F3293D1C18F2A6008AB7EB /* Project.m */ = {isa = PBXFileReference; fileEncoding = 4; lastKnownFileType = sourcecode.c.objc; name = Project.m; path = "../../Desktop/RubricGradinApp-CoreData-MH-Grading-branch/RubricGradingAppCD/Project.m"; sourceTree = "<group>"; };
		05F3293E1C18F2A6008AB7EB /* Student.h */ = {isa = PBXFileReference; fileEncoding = 4; lastKnownFileType = sourcecode.c.h; name = Student.h; path = "../../Desktop/RubricGradinApp-CoreData-MH-Grading-branch/RubricGradingAppCD/Student.h"; sourceTree = "<group>"; };
		05F3293F1C18F2A6008AB7EB /* Student.m */ = {isa = PBXFileReference; fileEncoding = 4; lastKnownFileType = sourcecode.c.objc; name = Student.m; path = "../../Desktop/RubricGradinApp-CoreData-MH-Grading-branch/RubricGradingAppCD/Student.m"; sourceTree = "<group>"; };
		05F329401C18F2A6008AB7EB /* RubricGradingAppCDTests.m */ = {isa = PBXFileReference; fileEncoding = 4; lastKnownFileType = sourcecode.c.objc; path = RubricGradingAppCDTests.m; sourceTree = "<group>"; };
		05F329411C18F2A6008AB7EB /* Info.plist */ = {isa = PBXFileReference; fileEncoding = 4; lastKnownFileType = text.plist.xml; path = Info.plist; sourceTree = "<group>"; };
		05F329431C18F2A6008AB7EB /* RubricGradingAppCDUITests.m */ = {isa = PBXFileReference; fileEncoding = 4; lastKnownFileType = sourcecode.c.objc; path = RubricGradingAppCDUITests.m; sourceTree = "<group>"; };
		05F329441C18F2A6008AB7EB /* Info.plist */ = {isa = PBXFileReference; fileEncoding = 4; lastKnownFileType = text.plist.xml; path = Info.plist; sourceTree = "<group>"; };
		05F329461C18F2A6008AB7EB /* RubricGradingAppCD.app */ = {isa = PBXFileReference; explicitFileType = wrapper.application; path = RubricGradingAppCD.app; sourceTree = SOURCE_ROOT; };
		05F329471C18F2A6008AB7EB /* RubricGradingAppCDTests.xctest */ = {isa = PBXFileReference; explicitFileType = wrapper.cfbundle; path = RubricGradingAppCDTests.xctest; sourceTree = SOURCE_ROOT; };
		05F329481C18F2A6008AB7EB /* RubricGradingAppCDUITests.xctest */ = {isa = PBXFileReference; explicitFileType = wrapper.cfbundle; path = RubricGradingAppCDUITests.xctest; sourceTree = SOURCE_ROOT; };
		A853FDDC1C01CE79005ABB49 /* RubricGradingAppCD.app */ = {isa = PBXFileReference; explicitFileType = wrapper.application; includeInIndex = 0; name = RubricGradingAppCD.app; path = "/Users/gharat001/Documents/RubricGradinApp-CoreData/build/Debug-iphoneos/RubricGradingAppCD.app"; sourceTree = "<absolute>"; };
		A853FDF81C01CE79005ABB49 /* RubricGradingAppCDTests.xctest */ = {isa = PBXFileReference; explicitFileType = wrapper.cfbundle; includeInIndex = 0; name = RubricGradingAppCDTests.xctest; path = "/Users/gharat001/Documents/RubricGradinApp-CoreData/build/Debug-iphoneos/RubricGradingAppCDTests.xctest"; sourceTree = "<absolute>"; };
		A853FE031C01CE79005ABB49 /* RubricGradingAppCDUITests.xctest */ = {isa = PBXFileReference; explicitFileType = wrapper.cfbundle; includeInIndex = 0; name = RubricGradingAppCDUITests.xctest; path = "/Users/gharat001/Documents/RubricGradinApp-CoreData/build/Debug-iphoneos/RubricGradingAppCDUITests.xctest"; sourceTree = "<absolute>"; };
/* End PBXFileReference section */

/* Begin PBXFrameworksBuildPhase section */
		A853FDD91C01CE79005ABB49 /* Frameworks */ = {
			isa = PBXFrameworksBuildPhase;
			buildActionMask = 2147483647;
			files = (
			);
			runOnlyForDeploymentPostprocessing = 0;
		};
		A853FDF51C01CE79005ABB49 /* Frameworks */ = {
			isa = PBXFrameworksBuildPhase;
			buildActionMask = 2147483647;
			files = (
			);
			runOnlyForDeploymentPostprocessing = 0;
		};
		A853FE001C01CE79005ABB49 /* Frameworks */ = {
			isa = PBXFrameworksBuildPhase;
			buildActionMask = 2147483647;
			files = (
			);
			runOnlyForDeploymentPostprocessing = 0;
		};
/* End PBXFrameworksBuildPhase section */

/* Begin PBXGroup section */
		05F328F51C18F2A6008AB7EB /* Products */ = {
			isa = PBXGroup;
			children = (
				05F329D21C18F2A6008AB7EB /* RubricGradingAppCD.app */,
				05F329D41C18F2A6008AB7EB /* RubricGradingAppCDTests.xctest */,
				05F329D61C18F2A6008AB7EB /* RubricGradingAppCDUITests.xctest */,
			);
			name = Products;
			sourceTree = "<group>";
		};
		05F329091C18F2A6008AB7EB /* Supporting Files */ = {
			isa = PBXGroup;
			children = (
				05F329071C18F2A6008AB7EB /* main.m */,
				05F329081C18F2A6008AB7EB /* RubricGradingAppCD-Prefix.pch */,
			);
			name = "Supporting Files";
			sourceTree = "<group>";
		};
		05F3291C1C18F2A6008AB7EB /* RubricGradingAppCD */ = {
			isa = PBXGroup;
			children = (
				05F328F91C18F2A6008AB7EB /* AppDelegate.h */,
				05F328FA1C18F2A6008AB7EB /* AppDelegate.m */,
				05F328FC1C18F2A6008AB7EB /* Main.storyboard */,
				05F328FD1C18F2A6008AB7EB /* OralRubricViewController.h */,
				05F328FE1C18F2A6008AB7EB /* OralRubricViewController.m */,
				05F328FF1C18F2A6008AB7EB /* FacultyTableViewController.h */,
				05F329001C18F2A6008AB7EB /* FacultyTableViewController.m */,
				05F329011C18F2A6008AB7EB /* Assets.xcassets */,
				05F329031C18F2A6008AB7EB /* LaunchScreen.storyboard */,
				05F329041C18F2A6008AB7EB /* Info.plist */,
				05F329061C18F2A6008AB7EB /* RubricGradingAppCD.xcdatamodeld */,
				05F329091C18F2A6008AB7EB /* Supporting Files */,
				05F3290A1C18F2A6008AB7EB /* LoginViewController.h */,
				05F3290B1C18F2A6008AB7EB /* LoginViewController.m */,
				05F3290C1C18F2A6008AB7EB /* AdminTableViewController.h */,
				05F3290D1C18F2A6008AB7EB /* AdminTableViewController.m */,
				05F3290E1C18F2A6008AB7EB /* AddProjectViewController.h */,
				05F3290F1C18F2A6008AB7EB /* AddProjectViewController.m */,
				05F329101C18F2A6008AB7EB /* StudentsListTableViewController.h */,
				05F329111C18F2A6008AB7EB /* StudentsListTableViewController.m */,
				05F329121C18F2A6008AB7EB /* Person.h */,
				05F329131C18F2A6008AB7EB /* Person.m */,
				05F329141C18F2A6008AB7EB /* Professor.h */,
				05F329151C18F2A6008AB7EB /* Professor.m */,
				05F329161C18F2A6008AB7EB /* Admin.h */,
				05F329171C18F2A6008AB7EB /* Admin.m */,
				05F329181C18F2A6008AB7EB /* Project.h */,
				05F329191C18F2A6008AB7EB /* Project.m */,
				05F3291A1C18F2A6008AB7EB /* Student.h */,
				05F3291B1C18F2A6008AB7EB /* Student.m */,
			);
			name = RubricGradingAppCD;
			path = "../../Desktop/RubricGradinApp-CoreData-MH-Grading-branch/RubricGradingAppCD";
			sourceTree = "<group>";
		};
		05F3292D1C18F2A6008AB7EB /* Supporting Files */ = {
			isa = PBXGroup;
			children = (
				05F3292B1C18F2A6008AB7EB /* main.m */,
				05F3292C1C18F2A6008AB7EB /* RubricGradingAppCD-Prefix.pch */,
			);
			name = "Supporting Files";
			path = "../../Desktop/RubricGradinApp-CoreData-MH-Grading-branch/RubricGradingAppCD";
			sourceTree = "<group>";
		};
		05F329421C18F2A6008AB7EB /* RubricGradingAppCDTests */ = {
			isa = PBXGroup;
			children = (
				05F329401C18F2A6008AB7EB /* RubricGradingAppCDTests.m */,
				05F329411C18F2A6008AB7EB /* Info.plist */,
			);
			name = RubricGradingAppCDTests;
			path = "../../Desktop/RubricGradinApp-CoreData-MH-Grading-branch/RubricGradingAppCDTests";
			sourceTree = "<group>";
		};
		05F329451C18F2A6008AB7EB /* RubricGradingAppCDUITests */ = {
			isa = PBXGroup;
			children = (
				05F329431C18F2A6008AB7EB /* RubricGradingAppCDUITests.m */,
				05F329441C18F2A6008AB7EB /* Info.plist */,
			);
			name = RubricGradingAppCDUITests;
			path = "../../Desktop/RubricGradinApp-CoreData-MH-Grading-branch/RubricGradingAppCDUITests";
			sourceTree = "<group>";
		};
		05F329491C18F2A6008AB7EB /* Products */ = {
			isa = PBXGroup;
			children = (
				05F329461C18F2A6008AB7EB /* RubricGradingAppCD.app */,
				05F329471C18F2A6008AB7EB /* RubricGradingAppCDTests.xctest */,
				05F329481C18F2A6008AB7EB /* RubricGradingAppCDUITests.xctest */,
			);
			name = Products;
			path = "../../Desktop/RubricGradinApp-CoreData-MH-Grading-branch";
			sourceTree = "<group>";
		};
		A853FDD31C01CE79005ABB49 = {
			isa = PBXGroup;
			children = (
				05F328F41C18F2A6008AB7EB /* RubricGradingAppCD.xcodeproj */,
				05F328F71C18F2A6008AB7EB /* RubricViewController.h */,
				05F328F81C18F2A6008AB7EB /* RubricViewController.m */,
				05F3291C1C18F2A6008AB7EB /* RubricGradingAppCD */,
				05F3291D1C18F2A6008AB7EB /* AppDelegate.h */,
				05F3291E1C18F2A6008AB7EB /* AppDelegate.m */,
				05F329201C18F2A6008AB7EB /* Main.storyboard */,
				05F329211C18F2A6008AB7EB /* OralRubricViewController.h */,
				05F329221C18F2A6008AB7EB /* OralRubricViewController.m */,
				05F329231C18F2A6008AB7EB /* FacultyTableViewController.h */,
				05F329241C18F2A6008AB7EB /* FacultyTableViewController.m */,
				05F329251C18F2A6008AB7EB /* Assets.xcassets */,
				05F329271C18F2A6008AB7EB /* LaunchScreen.storyboard */,
				05F329281C18F2A6008AB7EB /* Info.plist */,
				05F3292A1C18F2A6008AB7EB /* RubricGradingAppCD.xcdatamodeld */,
				05F3292D1C18F2A6008AB7EB /* Supporting Files */,
				05F3292E1C18F2A6008AB7EB /* LoginViewController.h */,
				05F3292F1C18F2A6008AB7EB /* LoginViewController.m */,
				05F329301C18F2A6008AB7EB /* AdminTableViewController.h */,
				05F329311C18F2A6008AB7EB /* AdminTableViewController.m */,
				05F329321C18F2A6008AB7EB /* AddProjectViewController.h */,
				05F329331C18F2A6008AB7EB /* AddProjectViewController.m */,
				05F329341C18F2A6008AB7EB /* StudentsListTableViewController.h */,
				05F329351C18F2A6008AB7EB /* StudentsListTableViewController.m */,
				05F329361C18F2A6008AB7EB /* Person.h */,
				05F329371C18F2A6008AB7EB /* Person.m */,
				05F329381C18F2A6008AB7EB /* Professor.h */,
				05F329391C18F2A6008AB7EB /* Professor.m */,
				05F3293A1C18F2A6008AB7EB /* Admin.h */,
				05F3293B1C18F2A6008AB7EB /* Admin.m */,
				05F3293C1C18F2A6008AB7EB /* Project.h */,
				05F3293D1C18F2A6008AB7EB /* Project.m */,
				05F3293E1C18F2A6008AB7EB /* Student.h */,
				05F3293F1C18F2A6008AB7EB /* Student.m */,
				05F329421C18F2A6008AB7EB /* RubricGradingAppCDTests */,
				05F329451C18F2A6008AB7EB /* RubricGradingAppCDUITests */,
				05F329491C18F2A6008AB7EB /* Products */,
			);
			sourceTree = "<group>";
		};
/* End PBXGroup section */

/* Begin PBXNativeTarget section */
		A853FDDB1C01CE79005ABB49 /* RubricGradingAppCD */ = {
			isa = PBXNativeTarget;
			buildConfigurationList = A853FE0C1C01CE79005ABB49 /* Build configuration list for PBXNativeTarget "RubricGradingAppCD" */;
			buildPhases = (
				A853FDD81C01CE79005ABB49 /* Sources */,
				A853FDD91C01CE79005ABB49 /* Frameworks */,
				A853FDDA1C01CE79005ABB49 /* Resources */,
			);
			buildRules = (
			);
			dependencies = (
			);
			name = RubricGradingAppCD;
			productName = RubricGradingAppCD;
			productReference = A853FDDC1C01CE79005ABB49 /* RubricGradingAppCD.app */;
			productType = "com.apple.product-type.application";
		};
		A853FDF71C01CE79005ABB49 /* RubricGradingAppCDTests */ = {
			isa = PBXNativeTarget;
			buildConfigurationList = A853FE0F1C01CE79005ABB49 /* Build configuration list for PBXNativeTarget "RubricGradingAppCDTests" */;
			buildPhases = (
				A853FDF41C01CE79005ABB49 /* Sources */,
				A853FDF51C01CE79005ABB49 /* Frameworks */,
				A853FDF61C01CE79005ABB49 /* Resources */,
			);
			buildRules = (
			);
			dependencies = (
				A853FDFA1C01CE79005ABB49 /* PBXTargetDependency */,
			);
			name = RubricGradingAppCDTests;
			productName = RubricGradingAppCDTests;
			productReference = A853FDF81C01CE79005ABB49 /* RubricGradingAppCDTests.xctest */;
			productType = "com.apple.product-type.bundle.unit-test";
		};
		A853FE021C01CE79005ABB49 /* RubricGradingAppCDUITests */ = {
			isa = PBXNativeTarget;
			buildConfigurationList = A853FE121C01CE79005ABB49 /* Build configuration list for PBXNativeTarget "RubricGradingAppCDUITests" */;
			buildPhases = (
				A853FDFF1C01CE79005ABB49 /* Sources */,
				A853FE001C01CE79005ABB49 /* Frameworks */,
				A853FE011C01CE79005ABB49 /* Resources */,
			);
			buildRules = (
			);
			dependencies = (
				A853FE051C01CE79005ABB49 /* PBXTargetDependency */,
			);
			name = RubricGradingAppCDUITests;
			productName = RubricGradingAppCDUITests;
			productReference = A853FE031C01CE79005ABB49 /* RubricGradingAppCDUITests.xctest */;
			productType = "com.apple.product-type.bundle.ui-testing";
		};
/* End PBXNativeTarget section */

/* Begin PBXProject section */
		A853FDD41C01CE79005ABB49 /* Project object */ = {
			isa = PBXProject;
			attributes = {
				LastUpgradeCheck = 0710;
				ORGANIZATIONNAME = iosProject;
				TargetAttributes = {
					A853FDDB1C01CE79005ABB49 = {
						CreatedOnToolsVersion = 7.1;
						DevelopmentTeam = 496YHQMK4E;
					};
					A853FDF71C01CE79005ABB49 = {
						CreatedOnToolsVersion = 7.1;
						DevelopmentTeam = 496YHQMK4E;
						TestTargetID = A853FDDB1C01CE79005ABB49;
					};
					A853FE021C01CE79005ABB49 = {
						CreatedOnToolsVersion = 7.1;
						DevelopmentTeam = 496YHQMK4E;
						TestTargetID = A853FDDB1C01CE79005ABB49;
					};
				};
			};
			buildConfigurationList = A853FDD71C01CE79005ABB49 /* Build configuration list for PBXProject "RubricGradingAppCD" */;
			compatibilityVersion = "Xcode 3.2";
			developmentRegion = English;
			hasScannedForEncodings = 0;
			knownRegions = (
				en,
				Base,
			);
			mainGroup = A853FDD31C01CE79005ABB49;
			productRefGroup = A853FDD31C01CE79005ABB49;
			projectDirPath = "";
			projectReferences = (
				{
					ProductGroup = 05F328F51C18F2A6008AB7EB /* Products */;
					ProjectRef = 05F328F41C18F2A6008AB7EB /* RubricGradingAppCD.xcodeproj */;
				},
			);
			projectRoot = "";
			targets = (
				A853FDDB1C01CE79005ABB49 /* RubricGradingAppCD */,
				A853FDF71C01CE79005ABB49 /* RubricGradingAppCDTests */,
				A853FE021C01CE79005ABB49 /* RubricGradingAppCDUITests */,
			);
		};
/* End PBXProject section */

/* Begin PBXReferenceProxy section */
		05F329D21C18F2A6008AB7EB /* RubricGradingAppCD.app */ = {
			isa = PBXReferenceProxy;
			fileType = wrapper.application;
			path = RubricGradingAppCD.app;
			remoteRef = 05F329D11C18F2A6008AB7EB /* PBXContainerItemProxy */;
			sourceTree = BUILT_PRODUCTS_DIR;
		};
		05F329D41C18F2A6008AB7EB /* RubricGradingAppCDTests.xctest */ = {
			isa = PBXReferenceProxy;
			fileType = wrapper.cfbundle;
			path = RubricGradingAppCDTests.xctest;
			remoteRef = 05F329D31C18F2A6008AB7EB /* PBXContainerItemProxy */;
			sourceTree = BUILT_PRODUCTS_DIR;
		};
		05F329D61C18F2A6008AB7EB /* RubricGradingAppCDUITests.xctest */ = {
			isa = PBXReferenceProxy;
			fileType = wrapper.cfbundle;
			path = RubricGradingAppCDUITests.xctest;
			remoteRef = 05F329D51C18F2A6008AB7EB /* PBXContainerItemProxy */;
			sourceTree = BUILT_PRODUCTS_DIR;
		};
/* End PBXReferenceProxy section */

/* Begin PBXResourcesBuildPhase section */
		A853FDDA1C01CE79005ABB49 /* Resources */ = {
			isa = PBXResourcesBuildPhase;
			buildActionMask = 2147483647;
			files = (
				05F329C51C18F2A6008AB7EB /* RubricGradingAppCD.app in Resources */,
				05F329621C18F2A6008AB7EB /* RubricGradingAppCD.xcdatamodeld in Resources */,
				05F329981C18F2A6008AB7EB /* RubricGradingAppCD.xcdatamodeld in Resources */,
				05F3298F1C18F2A6008AB7EB /* Assets.xcassets in Resources */,
				05F329BC1C18F2A6008AB7EB /* Info.plist in Resources */,
				05F3295C1C18F2A6008AB7EB /* LaunchScreen.storyboard in Resources */,
				05F329C81C18F2A6008AB7EB /* RubricGradingAppCDTests.xctest in Resources */,
				05F329C21C18F2A6008AB7EB /* Info.plist in Resources */,
				05F329501C18F2A6008AB7EB /* Main.storyboard in Resources */,
				05F329861C18F2A6008AB7EB /* Main.storyboard in Resources */,
				05F329951C18F2A6008AB7EB /* Info.plist in Resources */,
				05F329591C18F2A6008AB7EB /* Assets.xcassets in Resources */,
				05F329921C18F2A6008AB7EB /* LaunchScreen.storyboard in Resources */,
				05F329CB1C18F2A6008AB7EB /* RubricGradingAppCDUITests.xctest in Resources */,
				05F3295F1C18F2A6008AB7EB /* Info.plist in Resources */,
			);
			runOnlyForDeploymentPostprocessing = 0;
		};
		A853FDF61C01CE79005ABB49 /* Resources */ = {
			isa = PBXResourcesBuildPhase;
			buildActionMask = 2147483647;
			files = (
				05F329601C18F2A6008AB7EB /* Info.plist in Resources */,
				05F329931C18F2A6008AB7EB /* LaunchScreen.storyboard in Resources */,
				05F329961C18F2A6008AB7EB /* Info.plist in Resources */,
				05F3295D1C18F2A6008AB7EB /* LaunchScreen.storyboard in Resources */,
				05F3295A1C18F2A6008AB7EB /* Assets.xcassets in Resources */,
				05F329C91C18F2A6008AB7EB /* RubricGradingAppCDTests.xctest in Resources */,
				05F329871C18F2A6008AB7EB /* Main.storyboard in Resources */,
				05F329CC1C18F2A6008AB7EB /* RubricGradingAppCDUITests.xctest in Resources */,
				05F329901C18F2A6008AB7EB /* Assets.xcassets in Resources */,
				05F329631C18F2A6008AB7EB /* RubricGradingAppCD.xcdatamodeld in Resources */,
				05F329C31C18F2A6008AB7EB /* Info.plist in Resources */,
				05F329BD1C18F2A6008AB7EB /* Info.plist in Resources */,
				05F329991C18F2A6008AB7EB /* RubricGradingAppCD.xcdatamodeld in Resources */,
				05F329C61C18F2A6008AB7EB /* RubricGradingAppCD.app in Resources */,
				05F329511C18F2A6008AB7EB /* Main.storyboard in Resources */,
			);
			runOnlyForDeploymentPostprocessing = 0;
		};
		A853FE011C01CE79005ABB49 /* Resources */ = {
			isa = PBXResourcesBuildPhase;
			buildActionMask = 2147483647;
			files = (
				05F329611C18F2A6008AB7EB /* Info.plist in Resources */,
				05F329941C18F2A6008AB7EB /* LaunchScreen.storyboard in Resources */,
				05F329971C18F2A6008AB7EB /* Info.plist in Resources */,
				05F3295E1C18F2A6008AB7EB /* LaunchScreen.storyboard in Resources */,
				05F3295B1C18F2A6008AB7EB /* Assets.xcassets in Resources */,
				05F329CA1C18F2A6008AB7EB /* RubricGradingAppCDTests.xctest in Resources */,
				05F329881C18F2A6008AB7EB /* Main.storyboard in Resources */,
				05F329CD1C18F2A6008AB7EB /* RubricGradingAppCDUITests.xctest in Resources */,
				05F329911C18F2A6008AB7EB /* Assets.xcassets in Resources */,
				05F329641C18F2A6008AB7EB /* RubricGradingAppCD.xcdatamodeld in Resources */,
				05F329C41C18F2A6008AB7EB /* Info.plist in Resources */,
				05F329BE1C18F2A6008AB7EB /* Info.plist in Resources */,
				05F3299A1C18F2A6008AB7EB /* RubricGradingAppCD.xcdatamodeld in Resources */,
				05F329C71C18F2A6008AB7EB /* RubricGradingAppCD.app in Resources */,
				05F329521C18F2A6008AB7EB /* Main.storyboard in Resources */,
			);
			runOnlyForDeploymentPostprocessing = 0;
		};
/* End PBXResourcesBuildPhase section */

/* Begin PBXSourcesBuildPhase section */
		A853FDD81C01CE79005ABB49 /* Sources */ = {
			isa = PBXSourcesBuildPhase;
			buildActionMask = 2147483647;
			files = (
				05F329AA1C18F2A6008AB7EB /* Person.m in Sources */,
				05F3297A1C18F2A6008AB7EB /* Admin.m in Sources */,
				05F3296B1C18F2A6008AB7EB /* AdminTableViewController.m in Sources */,
				05F329BF1C18F2A6008AB7EB /* RubricGradingAppCDUITests.m in Sources */,
				05F329A71C18F2A6008AB7EB /* StudentsListTableViewController.m in Sources */,
				05F329B61C18F2A6008AB7EB /* Student.m in Sources */,
				05F3294A1C18F2A6008AB7EB /* RubricViewController.m in Sources */,
				05F329771C18F2A6008AB7EB /* Professor.m in Sources */,
				05F329B31C18F2A6008AB7EB /* Project.m in Sources */,
				05F329891C18F2A6008AB7EB /* OralRubricViewController.m in Sources */,
				05F329651C18F2A6008AB7EB /* main.m in Sources */,
				05F329831C18F2A6008AB7EB /* AppDelegate.m in Sources */,
				05F329A41C18F2A6008AB7EB /* AddProjectViewController.m in Sources */,
				05F329741C18F2A6008AB7EB /* Person.m in Sources */,
				05F3296E1C18F2A6008AB7EB /* AddProjectViewController.m in Sources */,
				05F329681C18F2A6008AB7EB /* LoginViewController.m in Sources */,
				05F329AD1C18F2A6008AB7EB /* Professor.m in Sources */,
				05F329531C18F2A6008AB7EB /* OralRubricViewController.m in Sources */,
				05F3297D1C18F2A6008AB7EB /* Project.m in Sources */,
				05F3298C1C18F2A6008AB7EB /* FacultyTableViewController.m in Sources */,
				05F3299E1C18F2A6008AB7EB /* LoginViewController.m in Sources */,
				05F329B91C18F2A6008AB7EB /* RubricGradingAppCDTests.m in Sources */,
				05F329711C18F2A6008AB7EB /* StudentsListTableViewController.m in Sources */,
				05F329A11C18F2A6008AB7EB /* AdminTableViewController.m in Sources */,
				05F3294D1C18F2A6008AB7EB /* AppDelegate.m in Sources */,
				05F329801C18F2A6008AB7EB /* Student.m in Sources */,
				05F329B01C18F2A6008AB7EB /* Admin.m in Sources */,
				05F329561C18F2A6008AB7EB /* FacultyTableViewController.m in Sources */,
				05F3299B1C18F2A6008AB7EB /* main.m in Sources */,
			);
			runOnlyForDeploymentPostprocessing = 0;
		};
		A853FDF41C01CE79005ABB49 /* Sources */ = {
			isa = PBXSourcesBuildPhase;
			buildActionMask = 2147483647;
			files = (
				05F3298A1C18F2A6008AB7EB /* OralRubricViewController.m in Sources */,
				05F3297B1C18F2A6008AB7EB /* Admin.m in Sources */,
				05F329811C18F2A6008AB7EB /* Student.m in Sources */,
				05F3299F1C18F2A6008AB7EB /* LoginViewController.m in Sources */,
				05F329781C18F2A6008AB7EB /* Professor.m in Sources */,
				05F329841C18F2A6008AB7EB /* AppDelegate.m in Sources */,
				05F329A21C18F2A6008AB7EB /* AdminTableViewController.m in Sources */,
				05F329A81C18F2A6008AB7EB /* StudentsListTableViewController.m in Sources */,
				05F329A51C18F2A6008AB7EB /* AddProjectViewController.m in Sources */,
				05F329541C18F2A6008AB7EB /* OralRubricViewController.m in Sources */,
				05F329B71C18F2A6008AB7EB /* Student.m in Sources */,
				05F329AE1C18F2A6008AB7EB /* Professor.m in Sources */,
				05F329B41C18F2A6008AB7EB /* Project.m in Sources */,
				05F329751C18F2A6008AB7EB /* Person.m in Sources */,
				05F329B11C18F2A6008AB7EB /* Admin.m in Sources */,
				05F3299C1C18F2A6008AB7EB /* main.m in Sources */,
				05F3297E1C18F2A6008AB7EB /* Project.m in Sources */,
				05F3294B1C18F2A6008AB7EB /* RubricViewController.m in Sources */,
				05F3298D1C18F2A6008AB7EB /* FacultyTableViewController.m in Sources */,
				05F3294E1C18F2A6008AB7EB /* AppDelegate.m in Sources */,
				05F329691C18F2A6008AB7EB /* LoginViewController.m in Sources */,
				05F329BA1C18F2A6008AB7EB /* RubricGradingAppCDTests.m in Sources */,
				05F329AB1C18F2A6008AB7EB /* Person.m in Sources */,
				05F329C01C18F2A6008AB7EB /* RubricGradingAppCDUITests.m in Sources */,
				05F329721C18F2A6008AB7EB /* StudentsListTableViewController.m in Sources */,
				05F3296C1C18F2A6008AB7EB /* AdminTableViewController.m in Sources */,
				05F329661C18F2A6008AB7EB /* main.m in Sources */,
				05F3296F1C18F2A6008AB7EB /* AddProjectViewController.m in Sources */,
				05F329571C18F2A6008AB7EB /* FacultyTableViewController.m in Sources */,
			);
			runOnlyForDeploymentPostprocessing = 0;
		};
		A853FDFF1C01CE79005ABB49 /* Sources */ = {
			isa = PBXSourcesBuildPhase;
			buildActionMask = 2147483647;
			files = (
				05F3298B1C18F2A6008AB7EB /* OralRubricViewController.m in Sources */,
				05F3297C1C18F2A6008AB7EB /* Admin.m in Sources */,
				05F329821C18F2A6008AB7EB /* Student.m in Sources */,
				05F329A01C18F2A6008AB7EB /* LoginViewController.m in Sources */,
				05F329791C18F2A6008AB7EB /* Professor.m in Sources */,
				05F329851C18F2A6008AB7EB /* AppDelegate.m in Sources */,
				05F329A31C18F2A6008AB7EB /* AdminTableViewController.m in Sources */,
				05F329A91C18F2A6008AB7EB /* StudentsListTableViewController.m in Sources */,
				05F329A61C18F2A6008AB7EB /* AddProjectViewController.m in Sources */,
				05F329551C18F2A6008AB7EB /* OralRubricViewController.m in Sources */,
				05F329B81C18F2A6008AB7EB /* Student.m in Sources */,
				05F329AF1C18F2A6008AB7EB /* Professor.m in Sources */,
				05F329B51C18F2A6008AB7EB /* Project.m in Sources */,
				05F329761C18F2A6008AB7EB /* Person.m in Sources */,
				05F329B21C18F2A6008AB7EB /* Admin.m in Sources */,
				05F3299D1C18F2A6008AB7EB /* main.m in Sources */,
				05F3297F1C18F2A6008AB7EB /* Project.m in Sources */,
				05F3294C1C18F2A6008AB7EB /* RubricViewController.m in Sources */,
				05F3298E1C18F2A6008AB7EB /* FacultyTableViewController.m in Sources */,
				05F3294F1C18F2A6008AB7EB /* AppDelegate.m in Sources */,
				05F3296A1C18F2A6008AB7EB /* LoginViewController.m in Sources */,
				05F329BB1C18F2A6008AB7EB /* RubricGradingAppCDTests.m in Sources */,
				05F329AC1C18F2A6008AB7EB /* Person.m in Sources */,
				05F329C11C18F2A6008AB7EB /* RubricGradingAppCDUITests.m in Sources */,
				05F329731C18F2A6008AB7EB /* StudentsListTableViewController.m in Sources */,
				05F3296D1C18F2A6008AB7EB /* AdminTableViewController.m in Sources */,
				05F329671C18F2A6008AB7EB /* main.m in Sources */,
				05F329701C18F2A6008AB7EB /* AddProjectViewController.m in Sources */,
				05F329581C18F2A6008AB7EB /* FacultyTableViewController.m in Sources */,
			);
			runOnlyForDeploymentPostprocessing = 0;
		};
/* End PBXSourcesBuildPhase section */

/* Begin PBXTargetDependency section */
		A853FDFA1C01CE79005ABB49 /* PBXTargetDependency */ = {
			isa = PBXTargetDependency;
			target = A853FDDB1C01CE79005ABB49 /* RubricGradingAppCD */;
			targetProxy = A853FDF91C01CE79005ABB49 /* PBXContainerItemProxy */;
		};
		A853FE051C01CE79005ABB49 /* PBXTargetDependency */ = {
			isa = PBXTargetDependency;
			target = A853FDDB1C01CE79005ABB49 /* RubricGradingAppCD */;
			targetProxy = A853FE041C01CE79005ABB49 /* PBXContainerItemProxy */;
		};
/* End PBXTargetDependency section */

/* Begin PBXVariantGroup section */
		05F328FC1C18F2A6008AB7EB /* Main.storyboard */ = {
			isa = PBXVariantGroup;
			children = (
				05F328FB1C18F2A6008AB7EB /* Base */,
			);
			name = Main.storyboard;
			sourceTree = "<group>";
		};
		05F329031C18F2A6008AB7EB /* LaunchScreen.storyboard */ = {
			isa = PBXVariantGroup;
			children = (
				05F329021C18F2A6008AB7EB /* Base */,
			);
			name = LaunchScreen.storyboard;
			sourceTree = "<group>";
		};
		05F329201C18F2A6008AB7EB /* Main.storyboard */ = {
			isa = PBXVariantGroup;
			children = (
				05F3291F1C18F2A6008AB7EB /* Base */,
			);
			name = Main.storyboard;
			path = "../../Desktop/RubricGradinApp-CoreData-MH-Grading-branch/RubricGradingAppCD";
			sourceTree = "<group>";
		};
		05F329271C18F2A6008AB7EB /* LaunchScreen.storyboard */ = {
			isa = PBXVariantGroup;
			children = (
				05F329261C18F2A6008AB7EB /* Base */,
			);
			name = LaunchScreen.storyboard;
			path = "../../Desktop/RubricGradinApp-CoreData-MH-Grading-branch/RubricGradingAppCD";
			sourceTree = "<group>";
		};
/* End PBXVariantGroup section */

/* Begin XCBuildConfiguration section */
		A853FE0A1C01CE79005ABB49 /* Debug */ = {
			isa = XCBuildConfiguration;
			buildSettings = {
				ALWAYS_SEARCH_USER_PATHS = NO;
				CLANG_CXX_LANGUAGE_STANDARD = "gnu++0x";
				CLANG_CXX_LIBRARY = "libc++";
				CLANG_ENABLE_MODULES = YES;
				CLANG_ENABLE_OBJC_ARC = YES;
				CLANG_WARN_BOOL_CONVERSION = YES;
				CLANG_WARN_CONSTANT_CONVERSION = YES;
				CLANG_WARN_DIRECT_OBJC_ISA_USAGE = YES_ERROR;
				CLANG_WARN_EMPTY_BODY = YES;
				CLANG_WARN_ENUM_CONVERSION = YES;
				CLANG_WARN_INT_CONVERSION = YES;
				CLANG_WARN_OBJC_ROOT_CLASS = YES_ERROR;
				CLANG_WARN_UNREACHABLE_CODE = YES;
				CLANG_WARN__DUPLICATE_METHOD_MATCH = YES;
				"CODE_SIGN_IDENTITY[sdk=iphoneos*]" = "iPhone Developer";
				COPY_PHASE_STRIP = NO;
				DEBUG_INFORMATION_FORMAT = dwarf;
				ENABLE_STRICT_OBJC_MSGSEND = YES;
				ENABLE_TESTABILITY = YES;
				GCC_C_LANGUAGE_STANDARD = gnu99;
				GCC_DYNAMIC_NO_PIC = NO;
				GCC_NO_COMMON_BLOCKS = YES;
				GCC_OPTIMIZATION_LEVEL = 0;
				GCC_PREPROCESSOR_DEFINITIONS = (
					"DEBUG=1",
					"$(inherited)",
				);
				GCC_WARN_64_TO_32_BIT_CONVERSION = YES;
				GCC_WARN_ABOUT_RETURN_TYPE = YES_ERROR;
				GCC_WARN_UNDECLARED_SELECTOR = YES;
				GCC_WARN_UNINITIALIZED_AUTOS = YES_AGGRESSIVE;
				GCC_WARN_UNUSED_FUNCTION = YES;
				GCC_WARN_UNUSED_VARIABLE = YES;
				IPHONEOS_DEPLOYMENT_TARGET = 9.1;
				MTL_ENABLE_DEBUG_INFO = YES;
				ONLY_ACTIVE_ARCH = YES;
				SDKROOT = iphoneos;
			};
			name = Debug;
		};
		A853FE0B1C01CE79005ABB49 /* Release */ = {
			isa = XCBuildConfiguration;
			buildSettings = {
				ALWAYS_SEARCH_USER_PATHS = NO;
				CLANG_CXX_LANGUAGE_STANDARD = "gnu++0x";
				CLANG_CXX_LIBRARY = "libc++";
				CLANG_ENABLE_MODULES = YES;
				CLANG_ENABLE_OBJC_ARC = YES;
				CLANG_WARN_BOOL_CONVERSION = YES;
				CLANG_WARN_CONSTANT_CONVERSION = YES;
				CLANG_WARN_DIRECT_OBJC_ISA_USAGE = YES_ERROR;
				CLANG_WARN_EMPTY_BODY = YES;
				CLANG_WARN_ENUM_CONVERSION = YES;
				CLANG_WARN_INT_CONVERSION = YES;
				CLANG_WARN_OBJC_ROOT_CLASS = YES_ERROR;
				CLANG_WARN_UNREACHABLE_CODE = YES;
				CLANG_WARN__DUPLICATE_METHOD_MATCH = YES;
				"CODE_SIGN_IDENTITY[sdk=iphoneos*]" = "iPhone Developer";
				COPY_PHASE_STRIP = NO;
				DEBUG_INFORMATION_FORMAT = "dwarf-with-dsym";
				ENABLE_NS_ASSERTIONS = NO;
				ENABLE_STRICT_OBJC_MSGSEND = YES;
				GCC_C_LANGUAGE_STANDARD = gnu99;
				GCC_NO_COMMON_BLOCKS = YES;
				GCC_WARN_64_TO_32_BIT_CONVERSION = YES;
				GCC_WARN_ABOUT_RETURN_TYPE = YES_ERROR;
				GCC_WARN_UNDECLARED_SELECTOR = YES;
				GCC_WARN_UNINITIALIZED_AUTOS = YES_AGGRESSIVE;
				GCC_WARN_UNUSED_FUNCTION = YES;
				GCC_WARN_UNUSED_VARIABLE = YES;
				IPHONEOS_DEPLOYMENT_TARGET = 9.1;
				MTL_ENABLE_DEBUG_INFO = NO;
				SDKROOT = iphoneos;
				VALIDATE_PRODUCT = YES;
			};
			name = Release;
		};
		A853FE0D1C01CE79005ABB49 /* Debug */ = {
			isa = XCBuildConfiguration;
			buildSettings = {
				ASSETCATALOG_COMPILER_APPICON_NAME = AppIcon;
				GCC_PREFIX_HEADER = "RubricGradingAppCD/RubricGradingAppCD-Prefix.pch";
				INFOPLIST_FILE = RubricGradingAppCD/Info.plist;
				LD_RUNPATH_SEARCH_PATHS = "$(inherited) @executable_path/Frameworks";
				PRODUCT_BUNDLE_IDENTIFIER = iosProject.RubricGradingAppCD;
				PRODUCT_NAME = "$(TARGET_NAME)";
			};
			name = Debug;
		};
		A853FE0E1C01CE79005ABB49 /* Release */ = {
			isa = XCBuildConfiguration;
			buildSettings = {
				ASSETCATALOG_COMPILER_APPICON_NAME = AppIcon;
				GCC_PREFIX_HEADER = "RubricGradingAppCD/RubricGradingAppCD-Prefix.pch";
				INFOPLIST_FILE = RubricGradingAppCD/Info.plist;
				LD_RUNPATH_SEARCH_PATHS = "$(inherited) @executable_path/Frameworks";
				PRODUCT_BUNDLE_IDENTIFIER = iosProject.RubricGradingAppCD;
				PRODUCT_NAME = "$(TARGET_NAME)";
			};
			name = Release;
		};
		A853FE101C01CE79005ABB49 /* Debug */ = {
			isa = XCBuildConfiguration;
			buildSettings = {
				BUNDLE_LOADER = "$(TEST_HOST)";
				INFOPLIST_FILE = RubricGradingAppCDTests/Info.plist;
				LD_RUNPATH_SEARCH_PATHS = "$(inherited) @executable_path/Frameworks @loader_path/Frameworks";
				PRODUCT_BUNDLE_IDENTIFIER = iosProject.RubricGradingAppCDTests;
				PRODUCT_NAME = "$(TARGET_NAME)";
				TEST_HOST = "$(BUILT_PRODUCTS_DIR)/RubricGradingAppCD.app/RubricGradingAppCD";
			};
			name = Debug;
		};
		A853FE111C01CE79005ABB49 /* Release */ = {
			isa = XCBuildConfiguration;
			buildSettings = {
				BUNDLE_LOADER = "$(TEST_HOST)";
				INFOPLIST_FILE = RubricGradingAppCDTests/Info.plist;
				LD_RUNPATH_SEARCH_PATHS = "$(inherited) @executable_path/Frameworks @loader_path/Frameworks";
				PRODUCT_BUNDLE_IDENTIFIER = iosProject.RubricGradingAppCDTests;
				PRODUCT_NAME = "$(TARGET_NAME)";
				TEST_HOST = "$(BUILT_PRODUCTS_DIR)/RubricGradingAppCD.app/RubricGradingAppCD";
			};
			name = Release;
		};
		A853FE131C01CE79005ABB49 /* Debug */ = {
			isa = XCBuildConfiguration;
			buildSettings = {
				INFOPLIST_FILE = RubricGradingAppCDUITests/Info.plist;
				LD_RUNPATH_SEARCH_PATHS = "$(inherited) @executable_path/Frameworks @loader_path/Frameworks";
				PRODUCT_BUNDLE_IDENTIFIER = iosProject.RubricGradingAppCDUITests;
				PRODUCT_NAME = "$(TARGET_NAME)";
				TEST_TARGET_NAME = RubricGradingAppCD;
				USES_XCTRUNNER = YES;
			};
			name = Debug;
		};
		A853FE141C01CE79005ABB49 /* Release */ = {
			isa = XCBuildConfiguration;
			buildSettings = {
				INFOPLIST_FILE = RubricGradingAppCDUITests/Info.plist;
				LD_RUNPATH_SEARCH_PATHS = "$(inherited) @executable_path/Frameworks @loader_path/Frameworks";
				PRODUCT_BUNDLE_IDENTIFIER = iosProject.RubricGradingAppCDUITests;
				PRODUCT_NAME = "$(TARGET_NAME)";
				TEST_TARGET_NAME = RubricGradingAppCD;
				USES_XCTRUNNER = YES;
			};
			name = Release;
		};
/* End XCBuildConfiguration section */

/* Begin XCConfigurationList section */
		A853FDD71C01CE79005ABB49 /* Build configuration list for PBXProject "RubricGradingAppCD" */ = {
			isa = XCConfigurationList;
			buildConfigurations = (
				A853FE0A1C01CE79005ABB49 /* Debug */,
				A853FE0B1C01CE79005ABB49 /* Release */,
			);
			defaultConfigurationIsVisible = 0;
			defaultConfigurationName = Release;
		};
		A853FE0C1C01CE79005ABB49 /* Build configuration list for PBXNativeTarget "RubricGradingAppCD" */ = {
			isa = XCConfigurationList;
			buildConfigurations = (
				A853FE0D1C01CE79005ABB49 /* Debug */,
				A853FE0E1C01CE79005ABB49 /* Release */,
			);
			defaultConfigurationIsVisible = 0;
			defaultConfigurationName = Release;
		};
		A853FE0F1C01CE79005ABB49 /* Build configuration list for PBXNativeTarget "RubricGradingAppCDTests" */ = {
			isa = XCConfigurationList;
			buildConfigurations = (
				A853FE101C01CE79005ABB49 /* Debug */,
				A853FE111C01CE79005ABB49 /* Release */,
			);
			defaultConfigurationIsVisible = 0;
			defaultConfigurationName = Release;
		};
		A853FE121C01CE79005ABB49 /* Build configuration list for PBXNativeTarget "RubricGradingAppCDUITests" */ = {
			isa = XCConfigurationList;
			buildConfigurations = (
				A853FE131C01CE79005ABB49 /* Debug */,
				A853FE141C01CE79005ABB49 /* Release */,
			);
			defaultConfigurationIsVisible = 0;
			defaultConfigurationName = Release;
		};
/* End XCConfigurationList section */

/* Begin XCVersionGroup section */
		05F329061C18F2A6008AB7EB /* RubricGradingAppCD.xcdatamodeld */ = {
			isa = XCVersionGroup;
			children = (
				05F329051C18F2A6008AB7EB /* RubricGradingAppCD.xcdatamodel */,
			);
			currentVersion = 05F329051C18F2A6008AB7EB /* RubricGradingAppCD.xcdatamodel */;
			path = RubricGradingAppCD.xcdatamodeld;
			sourceTree = "<group>";
		};
		05F3292A1C18F2A6008AB7EB /* RubricGradingAppCD.xcdatamodeld */ = {
			isa = XCVersionGroup;
			children = (
				05F329291C18F2A6008AB7EB /* RubricGradingAppCD.xcdatamodel */,
			);
			currentVersion = 05F329291C18F2A6008AB7EB /* RubricGradingAppCD.xcdatamodel */;
			name = RubricGradingAppCD.xcdatamodeld;
			path = "../../Desktop/RubricGradinApp-CoreData-MH-Grading-branch/RubricGradingAppCD/RubricGradingAppCD.xcdatamodeld";
			sourceTree = "<group>";
		};
/* End XCVersionGroup section */
	};
	rootObject = A853FDD41C01CE79005ABB49 /* Project object */;
}
